
Microsoft Visual Studio Solution File, Format Version 12.00
# Visual Studio Version 17
VisualStudioVersion = 17.7.34031.279
MinimumVisualStudioVersion = 10.0.40219.1
Project("{2150E333-8FDC-42A3-9474-1A3956D46DE8}") = "Core", "Core", "{313F3564-F2A3-4BA9-9B07-1E0C460CEA1D}"
EndProject
Project("{2150E333-8FDC-42A3-9474-1A3956D46DE8}") = "Infrastructure", "Infrastructure", "{B2BC3ED7-6B5F-4B3C-9282-1386100E613D}"
EndProject
Project("{2150E333-8FDC-42A3-9474-1A3956D46DE8}") = "Presentation", "Presentation", "{E201D45D-8DA2-48AC-B1F3-DB2B2363F483}"
EndProject
Project("{2150E333-8FDC-42A3-9474-1A3956D46DE8}") = "Web Api", "Web Api", "{90A81EFA-537B-4D77-B398-506F32FF1CE1}"
EndProject
Project("{9A19103F-16F7-4668-BE54-9A1E7A4F7556}") = "DRRestaurant.Core.Domain", "DRRestaurant.Core.Domain\DRRestaurant.Core.Domain.csproj", "{8F1470B1-FA34-4585-B852-B0592463F83A}"
EndProject
Project("{9A19103F-16F7-4668-BE54-9A1E7A4F7556}") = "DRRestaurant.Core.Application", "DRRestaurant.Core.Application\DRRestaurant.Core.Application.csproj", "{A1B972D3-D4AA-46EE-977A-BC63BDAAD0A0}"
EndProject
Project("{9A19103F-16F7-4668-BE54-9A1E7A4F7556}") = "DRRestaurant.Infrastructure.Persistence", "DRRestaurant.Infrastructure.Persistence\DRRestaurant.Infrastructure.Persistence.csproj", "{FF5B26D5-0200-40E9-A0A9-A9135540F965}"
EndProject
Project("{9A19103F-16F7-4668-BE54-9A1E7A4F7556}") = "DRRestaurant.Infrastructure.Identity", "DRRestaurant.Infrastructure.Identity\DRRestaurant.Infrastructure.Identity.csproj", "{EADA28F3-5C0C-4DED-BF60-7F15E7B8DFEA}"
EndProject
Project("{9A19103F-16F7-4668-BE54-9A1E7A4F7556}") = "DRRestaurantAPI", "DRRestaurantAPI\DRRestaurantAPI.csproj", "{B04C9686-4CAC-4419-A400-ED11C023F40B}"
EndProject
Project("{FAE04EC0-301F-11D3-BF4B-00C04F79EFBC}") = "DRRestaurantWepApp", "DRRestaurantWepApp\DRRestaurantWepApp.csproj", "{43402849-E34B-4700-9AEC-447D4FCDB3A7}"
EndProject
Project("{2150E333-8FDC-42A3-9474-1A3956D46DE8}") = "Wep App", "Wep App", "{44063C8E-F2E6-4751-8546-A28D002AFBFE}"
EndProject
Project("{2150E333-8FDC-42A3-9474-1A3956D46DE8}") = "Test", "Test", "{22440F36-0F29-4F62-8D11-14BA1AAF127C}"
EndProject
Project("{FAE04EC0-301F-11D3-BF4B-00C04F79EFBC}") = "DRRestaurant.Test.WebApi", "DRRestaurant.Test.WebApi\DRRestaurant.Test.WebApi.csproj", "{5C281B1B-3D79-4B2F-89AE-3014EF54A9FF}"
EndProject
Project("{FAE04EC0-301F-11D3-BF4B-00C04F79EFBC}") = "DRRestaurant.Test.WepApp", "DRRestaurant.Test.WepApp\DRRestaurant.Test.WepApp.csproj", "{9A9E74DF-8BB1-4040-B3CD-7F2B4D918380}"
EndProject
Global
	GlobalSection(SolutionConfigurationPlatforms) = preSolution
		Debug|Any CPU = Debug|Any CPU
		Release|Any CPU = Release|Any CPU
	EndGlobalSection
	GlobalSection(ProjectConfigurationPlatforms) = postSolution
		{8F1470B1-FA34-4585-B852-B0592463F83A}.Debug|Any CPU.ActiveCfg = Debug|Any CPU
		{8F1470B1-FA34-4585-B852-B0592463F83A}.Debug|Any CPU.Build.0 = Debug|Any CPU
		{8F1470B1-FA34-4585-B852-B0592463F83A}.Release|Any CPU.ActiveCfg = Release|Any CPU
		{8F1470B1-FA34-4585-B852-B0592463F83A}.Release|Any CPU.Build.0 = Release|Any CPU
		{A1B972D3-D4AA-46EE-977A-BC63BDAAD0A0}.Debug|Any CPU.ActiveCfg = Debug|Any CPU
		{A1B972D3-D4AA-46EE-977A-BC63BDAAD0A0}.Debug|Any CPU.Build.0 = Debug|Any CPU
		{A1B972D3-D4AA-46EE-977A-BC63BDAAD0A0}.Release|Any CPU.ActiveCfg = Release|Any CPU
		{A1B972D3-D4AA-46EE-977A-BC63BDAAD0A0}.Release|Any CPU.Build.0 = Release|Any CPU
		{FF5B26D5-0200-40E9-A0A9-A9135540F965}.Debug|Any CPU.ActiveCfg = Debug|Any CPU
		{FF5B26D5-0200-40E9-A0A9-A9135540F965}.Debug|Any CPU.Build.0 = Debug|Any CPU
		{FF5B26D5-0200-40E9-A0A9-A9135540F965}.Release|Any CPU.ActiveCfg = Release|Any CPU
		{FF5B26D5-0200-40E9-A0A9-A9135540F965}.Release|Any CPU.Build.0 = Release|Any CPU
		{EADA28F3-5C0C-4DED-BF60-7F15E7B8DFEA}.Debug|Any CPU.ActiveCfg = Debug|Any CPU
		{EADA28F3-5C0C-4DED-BF60-7F15E7B8DFEA}.Debug|Any CPU.Build.0 = Debug|Any CPU
		{EADA28F3-5C0C-4DED-BF60-7F15E7B8DFEA}.Release|Any CPU.ActiveCfg = Release|Any CPU
		{EADA28F3-5C0C-4DED-BF60-7F15E7B8DFEA}.Release|Any CPU.Build.0 = Release|Any CPU
		{B04C9686-4CAC-4419-A400-ED11C023F40B}.Debug|Any CPU.ActiveCfg = Debug|Any CPU
		{B04C9686-4CAC-4419-A400-ED11C023F40B}.Debug|Any CPU.Build.0 = Debug|Any CPU
		{B04C9686-4CAC-4419-A400-ED11C023F40B}.Release|Any CPU.ActiveCfg = Release|Any CPU
		{B04C9686-4CAC-4419-A400-ED11C023F40B}.Release|Any CPU.Build.0 = Release|Any CPU
		{43402849-E34B-4700-9AEC-447D4FCDB3A7}.Debug|Any CPU.ActiveCfg = Debug|Any CPU
		{43402849-E34B-4700-9AEC-447D4FCDB3A7}.Debug|Any CPU.Build.0 = Debug|Any CPU
		{43402849-E34B-4700-9AEC-447D4FCDB3A7}.Release|Any CPU.ActiveCfg = Release|Any CPU
		{43402849-E34B-4700-9AEC-447D4FCDB3A7}.Release|Any CPU.Build.0 = Release|Any CPU
		{5C281B1B-3D79-4B2F-89AE-3014EF54A9FF}.Debug|Any CPU.ActiveCfg = Debug|Any CPU
		{5C281B1B-3D79-4B2F-89AE-3014EF54A9FF}.Debug|Any CPU.Build.0 = Debug|Any CPU
		{5C281B1B-3D79-4B2F-89AE-3014EF54A9FF}.Release|Any CPU.ActiveCfg = Release|Any CPU
		{5C281B1B-3D79-4B2F-89AE-3014EF54A9FF}.Release|Any CPU.Build.0 = Release|Any CPU
		{9A9E74DF-8BB1-4040-B3CD-7F2B4D918380}.Debug|Any CPU.ActiveCfg = Debug|Any CPU
		{9A9E74DF-8BB1-4040-B3CD-7F2B4D918380}.Debug|Any CPU.Build.0 = Debug|Any CPU
		{9A9E74DF-8BB1-4040-B3CD-7F2B4D918380}.Release|Any CPU.ActiveCfg = Release|Any CPU
		{9A9E74DF-8BB1-4040-B3CD-7F2B4D918380}.Release|Any CPU.Build.0 = Release|Any CPU
	EndGlobalSection
	GlobalSection(SolutionProperties) = preSolution
		HideSolutionNode = FALSE
	EndGlobalSection
	GlobalSection(NestedProjects) = preSolution
		{90A81EFA-537B-4D77-B398-506F32FF1CE1} = {E201D45D-8DA2-48AC-B1F3-DB2B2363F483}
		{8F1470B1-FA34-4585-B852-B0592463F83A} = {313F3564-F2A3-4BA9-9B07-1E0C460CEA1D}
		{A1B972D3-D4AA-46EE-977A-BC63BDAAD0A0} = {313F3564-F2A3-4BA9-9B07-1E0C460CEA1D}
		{FF5B26D5-0200-40E9-A0A9-A9135540F965} = {B2BC3ED7-6B5F-4B3C-9282-1386100E613D}
		{EADA28F3-5C0C-4DED-BF60-7F15E7B8DFEA} = {B2BC3ED7-6B5F-4B3C-9282-1386100E613D}
		{B04C9686-4CAC-4419-A400-ED11C023F40B} = {90A81EFA-537B-4D77-B398-506F32FF1CE1}
		{43402849-E34B-4700-9AEC-447D4FCDB3A7} = {E201D45D-8DA2-48AC-B1F3-DB2B2363F483}
		{44063C8E-F2E6-4751-8546-A28D002AFBFE} = {E201D45D-8DA2-48AC-B1F3-DB2B2363F483}
		{22440F36-0F29-4F62-8D11-14BA1AAF127C} = {313F3564-F2A3-4BA9-9B07-1E0C460CEA1D}
		{5C281B1B-3D79-4B2F-89AE-3014EF54A9FF} = {22440F36-0F29-4F62-8D11-14BA1AAF127C}
		{9A9E74DF-8BB1-4040-B3CD-7F2B4D918380} = {22440F36-0F29-4F62-8D11-14BA1AAF127C}
	EndGlobalSection
	GlobalSection(ExtensibilityGlobals) = postSolution
		SolutionGuid = {66F51B50-2D6B-426D-9E5C-C80A4413FF5E}
	EndGlobalSection
EndGlobal
